{
  "lockfileVersion": 1,
  "workspaces": {
    "": {
      "dependencies": {
        "react-anchor-link-smooth-scroll": "^1.0.12",
      },
    },
  },
  "packages": {
    "react-anchor-link-smooth-scroll": ["react-anchor-link-smooth-scroll@1.0.12", "", {}, "sha512-aaY+9X0yh8YnC0jBfoTKpsiCLdO/Y6pCltww+VB+NnTBPDOvnIdnp1AlazajsDitc1j+cVSQ+yNtaVeTIMQbxw=="],
  }
}
